
Microsoft Visual Studio Solution File, Format Version 12.00
# Visual Studio Version 17
VisualStudioVersion = 17.11.35219.272
MinimumVisualStudioVersion = 10.0.40219.1
Project("{9A19103F-16F7-4668-BE54-9A1E7A4F7556}") = "GHPluginRH8", "GHPluginRH8.csproj", "{F8265A65-4888-4AFB-8041-8BBF67C3E364}"
EndProject
Project("{9A19103F-16F7-4668-BE54-9A1E7A4F7556}") = "GHPluginRH8Tests", "..\GHPluginRH8Tests1\GHPluginRH8Tests.csproj", "{AEC79427-86FC-46A8-B171-5A078952D642}"
EndProject
Global
	GlobalSection(SolutionConfigurationPlatforms) = preSolution
		Debug|Any CPU = Debug|Any CPU
		Release|Any CPU = Release|Any CPU
	EndGlobalSection
	GlobalSection(ProjectConfigurationPlatforms) = postSolution
		{F8265A65-4888-4AFB-8041-8BBF67C3E364}.Debug|Any CPU.ActiveCfg = Debug|Any CPU
		{F8265A65-4888-4AFB-8041-8BBF67C3E364}.Debug|Any CPU.Build.0 = Debug|Any CPU
		{F8265A65-4888-4AFB-8041-8BBF67C3E364}.Release|Any CPU.ActiveCfg = Release|Any CPU
		{F8265A65-4888-4AFB-8041-8BBF67C3E364}.Release|Any CPU.Build.0 = Release|Any CPU
		{AEC79427-86FC-46A8-B171-5A078952D642}.Debug|Any CPU.ActiveCfg = Debug|Any CPU
		{AEC79427-86FC-46A8-B171-5A078952D642}.Debug|Any CPU.Build.0 = Debug|Any CPU
		{AEC79427-86FC-46A8-B171-5A078952D642}.Release|Any CPU.ActiveCfg = Release|Any CPU
		{AEC79427-86FC-46A8-B171-5A078952D642}.Release|Any CPU.Build.0 = Release|Any CPU
	EndGlobalSection
	GlobalSection(SolutionProperties) = preSolution
		HideSolutionNode = FALSE
	EndGlobalSection
	GlobalSection(ExtensibilityGlobals) = postSolution
		SolutionGuid = {0CB09E17-6402-4BDE-8467-CB4CF706C255}
	EndGlobalSection
EndGlobal
